// !$*UTF8*$!
{
	archiveVersion = 1;
	classes = {
	};
	objectVersion = 51;
	objects = {

/* Begin PBXBuildFile section */
		8906EDCD24C20A9C0040BCCA /* GenericDropDown.swift in Sources */ = {isa = PBXBuildFile; fileRef = 8906EDCC24C20A9C0040BCCA /* GenericDropDown.swift */; };
		89082EA12493EBE400A04284 /* Schedule.swift in Sources */ = {isa = PBXBuildFile; fileRef = 89082EA02493EBE400A04284 /* Schedule.swift */; };
		89082EA32493F2B000A04284 /* EmployeeAddTable.swift in Sources */ = {isa = PBXBuildFile; fileRef = 89082EA22493F2B000A04284 /* EmployeeAddTable.swift */; };
		8937C66724BBEF34001BB785 /* ShiftsTableView.swift in Sources */ = {isa = PBXBuildFile; fileRef = 8937C66624BBEF34001BB785 /* ShiftsTableView.swift */; };
		8937C66924BBFEAA001BB785 /* ShiftsTableViewCell.swift in Sources */ = {isa = PBXBuildFile; fileRef = 8937C66824BBFEAA001BB785 /* ShiftsTableViewCell.swift */; };
		893E71B1248BE168001C66E9 /* Business.swift in Sources */ = {isa = PBXBuildFile; fileRef = 893E71B0248BE168001C66E9 /* Business.swift */; };
		893E71B9248D72C5001C66E9 /* Booking.swift in Sources */ = {isa = PBXBuildFile; fileRef = 893E71B8248D72C5001C66E9 /* Booking.swift */; };
		893E71BB248D76C6001C66E9 /* Employee.swift in Sources */ = {isa = PBXBuildFile; fileRef = 893E71BA248D76C6001C66E9 /* Employee.swift */; };
		893F401B25139F3300EDFAE2 /* RoomAreaCollectionView.swift in Sources */ = {isa = PBXBuildFile; fileRef = 893F401A25139F3300EDFAE2 /* RoomAreaCollectionView.swift */; };
		893F401D25139FF400EDFAE2 /* RoomAreaColumn.swift in Sources */ = {isa = PBXBuildFile; fileRef = 893F401C25139FF400EDFAE2 /* RoomAreaColumn.swift */; };
		893F401F2515180900EDFAE2 /* ColumnTableView.swift in Sources */ = {isa = PBXBuildFile; fileRef = 893F401E2515180800EDFAE2 /* ColumnTableView.swift */; };
		893F40212515187F00EDFAE2 /* BookingCell.swift in Sources */ = {isa = PBXBuildFile; fileRef = 893F40202515187F00EDFAE2 /* BookingCell.swift */; };
		893F40232516E62500EDFAE2 /* BookedCell.swift in Sources */ = {isa = PBXBuildFile; fileRef = 893F40222516E62500EDFAE2 /* BookedCell.swift */; };
		893F4025251702A900EDFAE2 /* TopBookedCell.swift in Sources */ = {isa = PBXBuildFile; fileRef = 893F4024251702A900EDFAE2 /* TopBookedCell.swift */; };
		893F40272517031D00EDFAE2 /* BottomBookedCell.swift in Sources */ = {isa = PBXBuildFile; fileRef = 893F40262517031D00EDFAE2 /* BottomBookedCell.swift */; };
		893F40292519142700EDFAE2 /* CustomNumberPicker.swift in Sources */ = {isa = PBXBuildFile; fileRef = 893F40282519142700EDFAE2 /* CustomNumberPicker.swift */; };
		893F402B251DAD8F00EDFAE2 /* CreateBooking.swift in Sources */ = {isa = PBXBuildFile; fileRef = 893F402A251DAD8F00EDFAE2 /* CreateBooking.swift */; };
		89419C6724AD25980027DF0B /* ServicesDisplayTable.swift in Sources */ = {isa = PBXBuildFile; fileRef = 89419C6624AD25980027DF0B /* ServicesDisplayTable.swift */; };
		8942484A2501DA6D00C55309 /* EmployeeBookingsCell.swift in Sources */ = {isa = PBXBuildFile; fileRef = 894248492501DA6D00C55309 /* EmployeeBookingsCell.swift */; };
		894304872527C2BE00973FB3 /* ColumnTableCell.swift in Sources */ = {isa = PBXBuildFile; fileRef = 894304862527C2BE00973FB3 /* ColumnTableCell.swift */; };
		8944A84924859F7F00D0007F /* BasicCalls.swift in Sources */ = {isa = PBXBuildFile; fileRef = 8944A84824859F7F00D0007F /* BasicCalls.swift */; };
		8944DCD1244F53B7004A2819 /* AppDelegate.swift in Sources */ = {isa = PBXBuildFile; fileRef = 8944DCD0244F53B7004A2819 /* AppDelegate.swift */; };
		8944DCD3244F53B7004A2819 /* SceneDelegate.swift in Sources */ = {isa = PBXBuildFile; fileRef = 8944DCD2244F53B7004A2819 /* SceneDelegate.swift */; };
		8944DCD8244F53B7004A2819 /* Main.storyboard in Resources */ = {isa = PBXBuildFile; fileRef = 8944DCD6244F53B7004A2819 /* Main.storyboard */; };
		8944DCDA244F53B8004A2819 /* Assets.xcassets in Resources */ = {isa = PBXBuildFile; fileRef = 8944DCD9244F53B8004A2819 /* Assets.xcassets */; };
		8944DCDD244F53B8004A2819 /* LaunchScreen.storyboard in Resources */ = {isa = PBXBuildFile; fileRef = 8944DCDB244F53B8004A2819 /* LaunchScreen.storyboard */; };
		8944DCEB244F5559004A2819 /* LoginController.swift in Sources */ = {isa = PBXBuildFile; fileRef = 8944DCEA244F5559004A2819 /* LoginController.swift */; };
		8944DCED244F560C004A2819 /* Components.swift in Sources */ = {isa = PBXBuildFile; fileRef = 8944DCEC244F560C004A2819 /* Components.swift */; };
		8944DCEF244F5678004A2819 /* Extensions.swift in Sources */ = {isa = PBXBuildFile; fileRef = 8944DCEE244F5678004A2819 /* Extensions.swift */; };
		8944E9A4247B7A9B003B20D3 /* BusinessPicker.swift in Sources */ = {isa = PBXBuildFile; fileRef = 8944E9A3247B7A9B003B20D3 /* BusinessPicker.swift */; };
		8944E9A6247BFFF1003B20D3 /* RegAdminOne.swift in Sources */ = {isa = PBXBuildFile; fileRef = 8944E9A5247BFFF1003B20D3 /* RegAdminOne.swift */; };
		8944EDC324B2AC8A003CD86C /* Shift.swift in Sources */ = {isa = PBXBuildFile; fileRef = 8944EDC224B2AC8A003CD86C /* Shift.swift */; };
		894534E724818B2400404F2C /* RegAdminSix.swift in Sources */ = {isa = PBXBuildFile; fileRef = 894534E624818B2400404F2C /* RegAdminSix.swift */; };
		8945975E24B2438F0027BDBB /* MyDatePicker.swift in Sources */ = {isa = PBXBuildFile; fileRef = 8945975D24B2438F0027BDBB /* MyDatePicker.swift */; };
		89459FCE247E0F0E0077A9F9 /* RegAdminThree.swift in Sources */ = {isa = PBXBuildFile; fileRef = 89459FCD247E0F0E0077A9F9 /* RegAdminThree.swift */; };
		894600D7248323990001A453 /* RegAdminSeven.swift in Sources */ = {isa = PBXBuildFile; fileRef = 894600D6248323990001A453 /* RegAdminSeven.swift */; };
		894600D9248327080001A453 /* BookingItemPicker.swift in Sources */ = {isa = PBXBuildFile; fileRef = 894600D8248327080001A453 /* BookingItemPicker.swift */; };
		894634F5249FC2F50043A6EA /* AdminProfileHelpCell.swift in Sources */ = {isa = PBXBuildFile; fileRef = 894634F4249FC2F50043A6EA /* AdminProfileHelpCell.swift */; };
		894634F724A0275D0043A6EA /* BusinessSearchCollection.swift in Sources */ = {isa = PBXBuildFile; fileRef = 894634F624A0275D0043A6EA /* BusinessSearchCollection.swift */; };
		894634F924A0282E0043A6EA /* BusinesSearchCell.swift in Sources */ = {isa = PBXBuildFile; fileRef = 894634F824A0282E0043A6EA /* BusinesSearchCell.swift */; };
		8946CA8724CDD55A00556D83 /* UserBookingsCollectionCell.swift in Sources */ = {isa = PBXBuildFile; fileRef = 8946CA8624CDD55A00556D83 /* UserBookingsCollectionCell.swift */; };
		89470E362486D8D700FAFAF0 /* Utilities.swift in Sources */ = {isa = PBXBuildFile; fileRef = 89470E352486D8D700FAFAF0 /* Utilities.swift */; };
		89476E8A2493284000A424BE /* BusinessProfile.swift in Sources */ = {isa = PBXBuildFile; fileRef = 89476E892493284000A424BE /* BusinessProfile.swift */; };
		8947AD8E24C5459B00C525BD /* EmployeesAvailableTable.swift in Sources */ = {isa = PBXBuildFile; fileRef = 8947AD8D24C5459B00C525BD /* EmployeesAvailableTable.swift */; };
		8947AD9024C546A400C525BD /* EmployeeAvailableCell.swift in Sources */ = {isa = PBXBuildFile; fileRef = 8947AD8F24C546A400C525BD /* EmployeeAvailableCell.swift */; };
		8947C6F0247CB6550082D390 /* RegAdminTwo.swift in Sources */ = {isa = PBXBuildFile; fileRef = 8947C6EF247CB6550082D390 /* RegAdminTwo.swift */; };
		894855A0248EAFA60048C7CF /* EmployeeHomeController.swift in Sources */ = {isa = PBXBuildFile; fileRef = 8948559F248EAFA60048C7CF /* EmployeeHomeController.swift */; };
		894855A2248EB0210048C7CF /* EmployeeNotifications.swift in Sources */ = {isa = PBXBuildFile; fileRef = 894855A1248EB0210048C7CF /* EmployeeNotifications.swift */; };
		894855A4248EB0310048C7CF /* EmployeeSchedule.swift in Sources */ = {isa = PBXBuildFile; fileRef = 894855A3248EB0310048C7CF /* EmployeeSchedule.swift */; };
		894A4C48248A738800A110E7 /* BusinessSearch.swift in Sources */ = {isa = PBXBuildFile; fileRef = 894A4C47248A738800A110E7 /* BusinessSearch.swift */; };
		894A4C4A248A73EA00A110E7 /* UserBookings.swift in Sources */ = {isa = PBXBuildFile; fileRef = 894A4C49248A73EA00A110E7 /* UserBookings.swift */; };
		894A4C4E248A74AF00A110E7 /* UserHomeViewController.swift in Sources */ = {isa = PBXBuildFile; fileRef = 894A4C4D248A74AF00A110E7 /* UserHomeViewController.swift */; };
		894B09CC2450F0C4009D2A5E /* RegisterUserController.swift in Sources */ = {isa = PBXBuildFile; fileRef = 894B09CB2450F0C4009D2A5E /* RegisterUserController.swift */; };
		894B09CE2451341A009D2A5E /* RegisterEmployeeController.swift in Sources */ = {isa = PBXBuildFile; fileRef = 894B09CD2451341A009D2A5E /* RegisterEmployeeController.swift */; };
		894B947E2457D2FF008E582E /* Constants.swift in Sources */ = {isa = PBXBuildFile; fileRef = 894B947D2457D2FF008E582E /* Constants.swift */; };
		894ED9E624A7D87C00A24858 /* BusinessPageController.swift in Sources */ = {isa = PBXBuildFile; fileRef = 894ED9E524A7D87C00A24858 /* BusinessPageController.swift */; };
		8957A7EA24A8E51E00C250FF /* BusinessesFollowingCollection.swift in Sources */ = {isa = PBXBuildFile; fileRef = 8957A7E924A8E51E00C250FF /* BusinessesFollowingCollection.swift */; };
		8957A7EC24A8E8A000C250FF /* BusinessesFollowingCellCollectionViewCell.swift in Sources */ = {isa = PBXBuildFile; fileRef = 8957A7EB24A8E8A000C250FF /* BusinessesFollowingCellCollectionViewCell.swift */; };
		895B0B5D2454E5B5004D058B /* TimeDrop.swift in Sources */ = {isa = PBXBuildFile; fileRef = 895B0B5C2454E5B5004D058B /* TimeDrop.swift */; };
		895F5A5124C7C458000190BA /* ServicesSelectCell.swift in Sources */ = {isa = PBXBuildFile; fileRef = 895F5A5024C7C458000190BA /* ServicesSelectCell.swift */; };
		89644ED3249DAB6A001D28B3 /* TimePicker.swift in Sources */ = {isa = PBXBuildFile; fileRef = 89644ED2249DAB6A001D28B3 /* TimePicker.swift */; };
		8974E6C3247F4A3F0066528E /* RegAdminFour.swift in Sources */ = {isa = PBXBuildFile; fileRef = 8974E6C2247F4A3F0066528E /* RegAdminFour.swift */; };
		8974E6C5247F56C40066528E /* RegAdminFive.swift in Sources */ = {isa = PBXBuildFile; fileRef = 8974E6C4247F56C40066528E /* RegAdminFive.swift */; };
		8974E6C7247F6E7C0066528E /* DayRow.swift in Sources */ = {isa = PBXBuildFile; fileRef = 8974E6C6247F6E7C0066528E /* DayRow.swift */; };
		897853C224B575E300705C99 /* EmployeePickerView.swift in Sources */ = {isa = PBXBuildFile; fileRef = 897853C124B575E300705C99 /* EmployeePickerView.swift */; };
		897A19652501829000CBD757 /* EmployeeBookingsTable.swift in Sources */ = {isa = PBXBuildFile; fileRef = 897A19642501829000CBD757 /* EmployeeBookingsTable.swift */; };
		897F45D3248DC8FF00080381 /* EditBusinessProfile.swift in Sources */ = {isa = PBXBuildFile; fileRef = 897F45D2248DC8FF00080381 /* EditBusinessProfile.swift */; };
		897F45D5248DC94200080381 /* AddEmployees.swift in Sources */ = {isa = PBXBuildFile; fileRef = 897F45D4248DC94200080381 /* AddEmployees.swift */; };
		8981B1B5248892E200A6AAE1 /* AdminNotifications.swift in Sources */ = {isa = PBXBuildFile; fileRef = 8981B1B4248892E200A6AAE1 /* AdminNotifications.swift */; };
		8981B1B72488931D00A6AAE1 /* AdminBookings.swift in Sources */ = {isa = PBXBuildFile; fileRef = 8981B1B62488931D00A6AAE1 /* AdminBookings.swift */; };
		8981B1B92488936D00A6AAE1 /* AdminShifts.swift in Sources */ = {isa = PBXBuildFile; fileRef = 8981B1B82488936D00A6AAE1 /* AdminShifts.swift */; };
		8981B1BB248897B000A6AAE1 /* AdminHomeController.swift in Sources */ = {isa = PBXBuildFile; fileRef = 8981B1BA248897B000A6AAE1 /* AdminHomeController.swift */; };
		898AA1B72527DF6A00FE0A75 /* SliderMenuTable.swift in Sources */ = {isa = PBXBuildFile; fileRef = 898AA1B62527DF6A00FE0A75 /* SliderMenuTable.swift */; };
		898AA1B92527E43400FE0A75 /* SelectionItem.swift in Sources */ = {isa = PBXBuildFile; fileRef = 898AA1B82527E43400FE0A75 /* SelectionItem.swift */; };
		898AA1BB2527E7C400FE0A75 /* SliderMenuCell.swift in Sources */ = {isa = PBXBuildFile; fileRef = 898AA1BA2527E7C400FE0A75 /* SliderMenuCell.swift */; };
		898AA1BD2527FD4A00FE0A75 /* Test.swift in Sources */ = {isa = PBXBuildFile; fileRef = 898AA1BC2527FD4A00FE0A75 /* Test.swift */; };
		898AA1BF2528272D00FE0A75 /* TabBarSliderController.swift in Sources */ = {isa = PBXBuildFile; fileRef = 898AA1BE2528272D00FE0A75 /* TabBarSliderController.swift */; };
		898AA1C12529934D00FE0A75 /* ResetPassword.swift in Sources */ = {isa = PBXBuildFile; fileRef = 898AA1C02529934C00FE0A75 /* ResetPassword.swift */; };
		898AA1C32529969E00FE0A75 /* ChangePassword.swift in Sources */ = {isa = PBXBuildFile; fileRef = 898AA1C22529969E00FE0A75 /* ChangePassword.swift */; };
		898D408C24CCCC9E00FE10B7 /* ServicesChosenTable.swift in Sources */ = {isa = PBXBuildFile; fileRef = 898D408B24CCCC9E00FE10B7 /* ServicesChosenTable.swift */; };
		8995D39224B10C5000533154 /* UserBookingSomething.swift in Sources */ = {isa = PBXBuildFile; fileRef = 8995D39124B10C5000533154 /* UserBookingSomething.swift */; };
		8995D39424B116E700533154 /* Service.swift in Sources */ = {isa = PBXBuildFile; fileRef = 8995D39324B116E700533154 /* Service.swift */; };
		89A78F5724C13A82006DDEB9 /* ServicesTable.swift in Sources */ = {isa = PBXBuildFile; fileRef = 89A78F5624C13A82006DDEB9 /* ServicesTable.swift */; };
		89B660682483F42100DD79E5 /* HelpRegModal.swift in Sources */ = {isa = PBXBuildFile; fileRef = 89B660672483F42100DD79E5 /* HelpRegModal.swift */; };
		89C32CB024F1FDAF006709C3 /* MessageViewController.swift in Sources */ = {isa = PBXBuildFile; fileRef = 89C32CAF24F1FDAF006709C3 /* MessageViewController.swift */; };
		89C32CB224F48518006709C3 /* RequestAnswerNotificationCell.swift in Sources */ = {isa = PBXBuildFile; fileRef = 89C32CB124F48518006709C3 /* RequestAnswerNotificationCell.swift */; };
		89C32CB424F48BC8006709C3 /* UnreadRequestAnswerNotificationCell.swift in Sources */ = {isa = PBXBuildFile; fileRef = 89C32CB324F48BC8006709C3 /* UnreadRequestAnswerNotificationCell.swift */; };
		89C32CB624F48CBF006709C3 /* ReadAdminNotificationCell.swift in Sources */ = {isa = PBXBuildFile; fileRef = 89C32CB524F48CBF006709C3 /* ReadAdminNotificationCell.swift */; };
		89D11B98248DCEF70018D1BC /* AddServices.swift in Sources */ = {isa = PBXBuildFile; fileRef = 89D11B97248DCEF70018D1BC /* AddServices.swift */; };
		89D11B9A248DCFAD0018D1BC /* BioController.swift in Sources */ = {isa = PBXBuildFile; fileRef = 89D11B99248DCFAD0018D1BC /* BioController.swift */; };
		89D11B9C248E80550018D1BC /* EditBusinessHelp.swift in Sources */ = {isa = PBXBuildFile; fileRef = 89D11B9B248E80550018D1BC /* EditBusinessHelp.swift */; };
		89D8D1F5247A04EC00060B53 /* RegisterAdminController.swift in Sources */ = {isa = PBXBuildFile; fileRef = 89D8D1F4247A04EC00060B53 /* RegisterAdminController.swift */; };
		89DC57E825354C81005326A1 /* API.swift in Sources */ = {isa = PBXBuildFile; fileRef = 89DC57E725354C81005326A1 /* API.swift */; };
		89E7B51B250C46F5003A2426 /* ServicesTextTable.swift in Sources */ = {isa = PBXBuildFile; fileRef = 89E7B51A250C46F5003A2426 /* ServicesTextTable.swift */; };
		89E7B51F250D5BCD003A2426 /* SelectedServicesCell.swift in Sources */ = {isa = PBXBuildFile; fileRef = 89E7B51E250D5BCD003A2426 /* SelectedServicesCell.swift */; };
		89E7B521250D5BDE003A2426 /* UnselectedServicesCell.swift in Sources */ = {isa = PBXBuildFile; fileRef = 89E7B520250D5BDE003A2426 /* UnselectedServicesCell.swift */; };
		89E93AB724D5114A0042E46E /* SendEmployeeIdViewController.swift in Sources */ = {isa = PBXBuildFile; fileRef = 89E93AB624D5114A0042E46E /* SendEmployeeIdViewController.swift */; };
		89E93AB924D5FE030042E46E /* EmployeeBusinessSearchCollection.swift in Sources */ = {isa = PBXBuildFile; fileRef = 89E93AB824D5FE030042E46E /* EmployeeBusinessSearchCollection.swift */; };
		89E93ABB24D6003D0042E46E /* EmployeeBusinessSearchCell.swift in Sources */ = {isa = PBXBuildFile; fileRef = 89E93ABA24D6003D0042E46E /* EmployeeBusinessSearchCell.swift */; };
		89E93ABD24D782960042E46E /* RequestAnswerNotification.swift in Sources */ = {isa = PBXBuildFile; fileRef = 89E93ABC24D782960042E46E /* RequestAnswerNotification.swift */; };
		89E93ABF24D7BB080042E46E /* NotificationCell.swift in Sources */ = {isa = PBXBuildFile; fileRef = 89E93ABE24D7BB080042E46E /* NotificationCell.swift */; };
		BB5A331AF111895163B85472 /* Pods_EveryoneBooks_IOS.framework in Frameworks */ = {isa = PBXBuildFile; fileRef = F587B6F8397BDF7C61AB8987 /* Pods_EveryoneBooks_IOS.framework */; };
/* End PBXBuildFile section */

/* Begin PBXFileReference section */
		1126EC46C67B8BEDCF663161 /* Pods-EveryoneBooks-IOS.release.xcconfig */ = {isa = PBXFileReference; includeInIndex = 1; lastKnownFileType = text.xcconfig; name = "Pods-EveryoneBooks-IOS.release.xcconfig"; path = "Target Support Files/Pods-EveryoneBooks-IOS/Pods-EveryoneBooks-IOS.release.xcconfig"; sourceTree = "<group>"; };
		3D0B633D076267F359243F35 /* Pods-EveryoneBooks-IOS.debug.xcconfig */ = {isa = PBXFileReference; includeInIndex = 1; lastKnownFileType = text.xcconfig; name = "Pods-EveryoneBooks-IOS.debug.xcconfig"; path = "Target Support Files/Pods-EveryoneBooks-IOS/Pods-EveryoneBooks-IOS.debug.xcconfig"; sourceTree = "<group>"; };
		8906EDCC24C20A9C0040BCCA /* GenericDropDown.swift */ = {isa = PBXFileReference; lastKnownFileType = sourcecode.swift; path = GenericDropDown.swift; sourceTree = "<group>"; };
		89082EA02493EBE400A04284 /* Schedule.swift */ = {isa = PBXFileReference; fileEncoding = 4; lastKnownFileType = sourcecode.swift; name = Schedule.swift; path = ../../../TwitterHopefully/TwitterHopefully/Model/Schedule.swift; sourceTree = "<group>"; };
		89082EA22493F2B000A04284 /* EmployeeAddTable.swift */ = {isa = PBXFileReference; lastKnownFileType = sourcecode.swift; path = EmployeeAddTable.swift; sourceTree = "<group>"; };
		8937C66624BBEF34001BB785 /* ShiftsTableView.swift */ = {isa = PBXFileReference; lastKnownFileType = sourcecode.swift; path = ShiftsTableView.swift; sourceTree = "<group>"; };
		8937C66824BBFEAA001BB785 /* ShiftsTableViewCell.swift */ = {isa = PBXFileReference; lastKnownFileType = sourcecode.swift; path = ShiftsTableViewCell.swift; sourceTree = "<group>"; };
		893E71B0248BE168001C66E9 /* Business.swift */ = {isa = PBXFileReference; lastKnownFileType = sourcecode.swift; path = Business.swift; sourceTree = "<group>"; };
		893E71B8248D72C5001C66E9 /* Booking.swift */ = {isa = PBXFileReference; lastKnownFileType = sourcecode.swift; path = Booking.swift; sourceTree = "<group>"; };
		893E71BA248D76C6001C66E9 /* Employee.swift */ = {isa = PBXFileReference; lastKnownFileType = sourcecode.swift; path = Employee.swift; sourceTree = "<group>"; };
		893F401A25139F3300EDFAE2 /* RoomAreaCollectionView.swift */ = {isa = PBXFileReference; lastKnownFileType = sourcecode.swift; path = RoomAreaCollectionView.swift; sourceTree = "<group>"; };
		893F401C25139FF400EDFAE2 /* RoomAreaColumn.swift */ = {isa = PBXFileReference; lastKnownFileType = sourcecode.swift; path = RoomAreaColumn.swift; sourceTree = "<group>"; };
		893F401E2515180800EDFAE2 /* ColumnTableView.swift */ = {isa = PBXFileReference; lastKnownFileType = sourcecode.swift; path = ColumnTableView.swift; sourceTree = "<group>"; };
		893F40202515187F00EDFAE2 /* BookingCell.swift */ = {isa = PBXFileReference; lastKnownFileType = sourcecode.swift; path = BookingCell.swift; sourceTree = "<group>"; };
		893F40222516E62500EDFAE2 /* BookedCell.swift */ = {isa = PBXFileReference; lastKnownFileType = sourcecode.swift; path = BookedCell.swift; sourceTree = "<group>"; };
		893F4024251702A900EDFAE2 /* TopBookedCell.swift */ = {isa = PBXFileReference; lastKnownFileType = sourcecode.swift; path = TopBookedCell.swift; sourceTree = "<group>"; };
		893F40262517031D00EDFAE2 /* BottomBookedCell.swift */ = {isa = PBXFileReference; lastKnownFileType = sourcecode.swift; path = BottomBookedCell.swift; sourceTree = "<group>"; };
		893F40282519142700EDFAE2 /* CustomNumberPicker.swift */ = {isa = PBXFileReference; lastKnownFileType = sourcecode.swift; path = CustomNumberPicker.swift; sourceTree = "<group>"; };
		893F402A251DAD8F00EDFAE2 /* CreateBooking.swift */ = {isa = PBXFileReference; lastKnownFileType = sourcecode.swift; path = CreateBooking.swift; sourceTree = "<group>"; };
		89419C6624AD25980027DF0B /* ServicesDisplayTable.swift */ = {isa = PBXFileReference; lastKnownFileType = sourcecode.swift; path = ServicesDisplayTable.swift; sourceTree = "<group>"; };
		894248492501DA6D00C55309 /* EmployeeBookingsCell.swift */ = {isa = PBXFileReference; lastKnownFileType = sourcecode.swift; path = EmployeeBookingsCell.swift; sourceTree = "<group>"; };
		894304862527C2BE00973FB3 /* ColumnTableCell.swift */ = {isa = PBXFileReference; lastKnownFileType = sourcecode.swift; path = ColumnTableCell.swift; sourceTree = "<group>"; };
		8944A84824859F7F00D0007F /* BasicCalls.swift */ = {isa = PBXFileReference; lastKnownFileType = sourcecode.swift; path = BasicCalls.swift; sourceTree = "<group>"; };
		8944DCCD244F53B7004A2819 /* EveryoneBooks-IOS.app */ = {isa = PBXFileReference; explicitFileType = wrapper.application; includeInIndex = 0; path = "EveryoneBooks-IOS.app"; sourceTree = BUILT_PRODUCTS_DIR; };
		8944DCD0244F53B7004A2819 /* AppDelegate.swift */ = {isa = PBXFileReference; lastKnownFileType = sourcecode.swift; path = AppDelegate.swift; sourceTree = "<group>"; };
		8944DCD2244F53B7004A2819 /* SceneDelegate.swift */ = {isa = PBXFileReference; lastKnownFileType = sourcecode.swift; path = SceneDelegate.swift; sourceTree = "<group>"; };
		8944DCD7244F53B7004A2819 /* Base */ = {isa = PBXFileReference; lastKnownFileType = file.storyboard; name = Base; path = Base.lproj/Main.storyboard; sourceTree = "<group>"; };
		8944DCD9244F53B8004A2819 /* Assets.xcassets */ = {isa = PBXFileReference; lastKnownFileType = folder.assetcatalog; path = Assets.xcassets; sourceTree = "<group>"; };
		8944DCDC244F53B8004A2819 /* Base */ = {isa = PBXFileReference; lastKnownFileType = file.storyboard; name = Base; path = Base.lproj/LaunchScreen.storyboard; sourceTree = "<group>"; };
		8944DCDE244F53B8004A2819 /* Info.plist */ = {isa = PBXFileReference; lastKnownFileType = text.plist.xml; path = Info.plist; sourceTree = "<group>"; };
		8944DCEA244F5559004A2819 /* LoginController.swift */ = {isa = PBXFileReference; lastKnownFileType = sourcecode.swift; path = LoginController.swift; sourceTree = "<group>"; };
		8944DCEC244F560C004A2819 /* Components.swift */ = {isa = PBXFileReference; lastKnownFileType = sourcecode.swift; path = Components.swift; sourceTree = "<group>"; };
		8944DCEE244F5678004A2819 /* Extensions.swift */ = {isa = PBXFileReference; lastKnownFileType = sourcecode.swift; path = Extensions.swift; sourceTree = "<group>"; };
		8944E9A3247B7A9B003B20D3 /* BusinessPicker.swift */ = {isa = PBXFileReference; lastKnownFileType = sourcecode.swift; path = BusinessPicker.swift; sourceTree = "<group>"; };
		8944E9A5247BFFF1003B20D3 /* RegAdminOne.swift */ = {isa = PBXFileReference; lastKnownFileType = sourcecode.swift; path = RegAdminOne.swift; sourceTree = "<group>"; };
		8944EDC224B2AC8A003CD86C /* Shift.swift */ = {isa = PBXFileReference; lastKnownFileType = sourcecode.swift; path = Shift.swift; sourceTree = "<group>"; };
		894534E624818B2400404F2C /* RegAdminSix.swift */ = {isa = PBXFileReference; lastKnownFileType = sourcecode.swift; path = RegAdminSix.swift; sourceTree = "<group>"; };
		8945975D24B2438F0027BDBB /* MyDatePicker.swift */ = {isa = PBXFileReference; lastKnownFileType = sourcecode.swift; path = MyDatePicker.swift; sourceTree = "<group>"; };
		89459FCD247E0F0E0077A9F9 /* RegAdminThree.swift */ = {isa = PBXFileReference; lastKnownFileType = sourcecode.swift; path = RegAdminThree.swift; sourceTree = "<group>"; };
		894600D6248323990001A453 /* RegAdminSeven.swift */ = {isa = PBXFileReference; lastKnownFileType = sourcecode.swift; path = RegAdminSeven.swift; sourceTree = "<group>"; };
		894600D8248327080001A453 /* BookingItemPicker.swift */ = {isa = PBXFileReference; lastKnownFileType = sourcecode.swift; path = BookingItemPicker.swift; sourceTree = "<group>"; };
		894634F4249FC2F50043A6EA /* AdminProfileHelpCell.swift */ = {isa = PBXFileReference; lastKnownFileType = sourcecode.swift; path = AdminProfileHelpCell.swift; sourceTree = "<group>"; };
		894634F624A0275D0043A6EA /* BusinessSearchCollection.swift */ = {isa = PBXFileReference; lastKnownFileType = sourcecode.swift; path = BusinessSearchCollection.swift; sourceTree = "<group>"; };
		894634F824A0282E0043A6EA /* BusinesSearchCell.swift */ = {isa = PBXFileReference; lastKnownFileType = sourcecode.swift; path = BusinesSearchCell.swift; sourceTree = "<group>"; };
		8946CA8624CDD55A00556D83 /* UserBookingsCollectionCell.swift */ = {isa = PBXFileReference; lastKnownFileType = sourcecode.swift; path = UserBookingsCollectionCell.swift; sourceTree = "<group>"; };
		89470E352486D8D700FAFAF0 /* Utilities.swift */ = {isa = PBXFileReference; lastKnownFileType = sourcecode.swift; path = Utilities.swift; sourceTree = "<group>"; };
		89476E892493284000A424BE /* BusinessProfile.swift */ = {isa = PBXFileReference; lastKnownFileType = sourcecode.swift; path = BusinessProfile.swift; sourceTree = "<group>"; };
		8947AD8D24C5459B00C525BD /* EmployeesAvailableTable.swift */ = {isa = PBXFileReference; lastKnownFileType = sourcecode.swift; path = EmployeesAvailableTable.swift; sourceTree = "<group>"; };
		8947AD8F24C546A400C525BD /* EmployeeAvailableCell.swift */ = {isa = PBXFileReference; lastKnownFileType = sourcecode.swift; path = EmployeeAvailableCell.swift; sourceTree = "<group>"; };
		8947C6EF247CB6550082D390 /* RegAdminTwo.swift */ = {isa = PBXFileReference; lastKnownFileType = sourcecode.swift; path = RegAdminTwo.swift; sourceTree = "<group>"; };
		8948559F248EAFA60048C7CF /* EmployeeHomeController.swift */ = {isa = PBXFileReference; lastKnownFileType = sourcecode.swift; path = EmployeeHomeController.swift; sourceTree = "<group>"; };
		894855A1248EB0210048C7CF /* EmployeeNotifications.swift */ = {isa = PBXFileReference; lastKnownFileType = sourcecode.swift; path = EmployeeNotifications.swift; sourceTree = "<group>"; };
		894855A3248EB0310048C7CF /* EmployeeSchedule.swift */ = {isa = PBXFileReference; lastKnownFileType = sourcecode.swift; path = EmployeeSchedule.swift; sourceTree = "<group>"; };
		894A4C47248A738800A110E7 /* BusinessSearch.swift */ = {isa = PBXFileReference; lastKnownFileType = sourcecode.swift; path = BusinessSearch.swift; sourceTree = "<group>"; };
		894A4C49248A73EA00A110E7 /* UserBookings.swift */ = {isa = PBXFileReference; lastKnownFileType = sourcecode.swift; path = UserBookings.swift; sourceTree = "<group>"; };
		894A4C4D248A74AF00A110E7 /* UserHomeViewController.swift */ = {isa = PBXFileReference; lastKnownFileType = sourcecode.swift; path = UserHomeViewController.swift; sourceTree = "<group>"; };
		894B09CB2450F0C4009D2A5E /* RegisterUserController.swift */ = {isa = PBXFileReference; lastKnownFileType = sourcecode.swift; path = RegisterUserController.swift; sourceTree = "<group>"; };
		894B09CD2451341A009D2A5E /* RegisterEmployeeController.swift */ = {isa = PBXFileReference; lastKnownFileType = sourcecode.swift; path = RegisterEmployeeController.swift; sourceTree = "<group>"; };
		894B947D2457D2FF008E582E /* Constants.swift */ = {isa = PBXFileReference; lastKnownFileType = sourcecode.swift; path = Constants.swift; sourceTree = "<group>"; };
		894ED9E524A7D87C00A24858 /* BusinessPageController.swift */ = {isa = PBXFileReference; lastKnownFileType = sourcecode.swift; path = BusinessPageController.swift; sourceTree = "<group>"; };
		8957A7E924A8E51E00C250FF /* BusinessesFollowingCollection.swift */ = {isa = PBXFileReference; lastKnownFileType = sourcecode.swift; path = BusinessesFollowingCollection.swift; sourceTree = "<group>"; };
		8957A7EB24A8E8A000C250FF /* BusinessesFollowingCellCollectionViewCell.swift */ = {isa = PBXFileReference; lastKnownFileType = sourcecode.swift; path = BusinessesFollowingCellCollectionViewCell.swift; sourceTree = "<group>"; };
		895B0B5C2454E5B5004D058B /* TimeDrop.swift */ = {isa = PBXFileReference; lastKnownFileType = sourcecode.swift; path = TimeDrop.swift; sourceTree = "<group>"; };
		895F5A5024C7C458000190BA /* ServicesSelectCell.swift */ = {isa = PBXFileReference; lastKnownFileType = sourcecode.swift; path = ServicesSelectCell.swift; sourceTree = "<group>"; };
		89644ED2249DAB6A001D28B3 /* TimePicker.swift */ = {isa = PBXFileReference; lastKnownFileType = sourcecode.swift; path = TimePicker.swift; sourceTree = "<group>"; };
		8974E6C2247F4A3F0066528E /* RegAdminFour.swift */ = {isa = PBXFileReference; lastKnownFileType = sourcecode.swift; path = RegAdminFour.swift; sourceTree = "<group>"; };
		8974E6C4247F56C40066528E /* RegAdminFive.swift */ = {isa = PBXFileReference; lastKnownFileType = sourcecode.swift; path = RegAdminFive.swift; sourceTree = "<group>"; };
		8974E6C6247F6E7C0066528E /* DayRow.swift */ = {isa = PBXFileReference; lastKnownFileType = sourcecode.swift; path = DayRow.swift; sourceTree = "<group>"; };
		897853C124B575E300705C99 /* EmployeePickerView.swift */ = {isa = PBXFileReference; lastKnownFileType = sourcecode.swift; path = EmployeePickerView.swift; sourceTree = "<group>"; };
		897A19642501829000CBD757 /* EmployeeBookingsTable.swift */ = {isa = PBXFileReference; lastKnownFileType = sourcecode.swift; path = EmployeeBookingsTable.swift; sourceTree = "<group>"; };
		897F45D2248DC8FF00080381 /* EditBusinessProfile.swift */ = {isa = PBXFileReference; lastKnownFileType = sourcecode.swift; path = EditBusinessProfile.swift; sourceTree = "<group>"; };
		897F45D4248DC94200080381 /* AddEmployees.swift */ = {isa = PBXFileReference; lastKnownFileType = sourcecode.swift; path = AddEmployees.swift; sourceTree = "<group>"; };
		8981B1B4248892E200A6AAE1 /* AdminNotifications.swift */ = {isa = PBXFileReference; lastKnownFileType = sourcecode.swift; path = AdminNotifications.swift; sourceTree = "<group>"; };
		8981B1B62488931D00A6AAE1 /* AdminBookings.swift */ = {isa = PBXFileReference; lastKnownFileType = sourcecode.swift; path = AdminBookings.swift; sourceTree = "<group>"; };
		8981B1B82488936D00A6AAE1 /* AdminShifts.swift */ = {isa = PBXFileReference; lastKnownFileType = sourcecode.swift; path = AdminShifts.swift; sourceTree = "<group>"; };
		8981B1BA248897B000A6AAE1 /* AdminHomeController.swift */ = {isa = PBXFileReference; lastKnownFileType = sourcecode.swift; path = AdminHomeController.swift; sourceTree = "<group>"; };
		898AA1B62527DF6A00FE0A75 /* SliderMenuTable.swift */ = {isa = PBXFileReference; lastKnownFileType = sourcecode.swift; path = SliderMenuTable.swift; sourceTree = "<group>"; };
		898AA1B82527E43400FE0A75 /* SelectionItem.swift */ = {isa = PBXFileReference; lastKnownFileType = sourcecode.swift; path = SelectionItem.swift; sourceTree = "<group>"; };
		898AA1BA2527E7C400FE0A75 /* SliderMenuCell.swift */ = {isa = PBXFileReference; lastKnownFileType = sourcecode.swift; path = SliderMenuCell.swift; sourceTree = "<group>"; };
		898AA1BC2527FD4A00FE0A75 /* Test.swift */ = {isa = PBXFileReference; lastKnownFileType = sourcecode.swift; path = Test.swift; sourceTree = "<group>"; };
		898AA1BE2528272D00FE0A75 /* TabBarSliderController.swift */ = {isa = PBXFileReference; lastKnownFileType = sourcecode.swift; path = TabBarSliderController.swift; sourceTree = "<group>"; };
		898AA1C02529934C00FE0A75 /* ResetPassword.swift */ = {isa = PBXFileReference; lastKnownFileType = sourcecode.swift; path = ResetPassword.swift; sourceTree = "<group>"; };
		898AA1C22529969E00FE0A75 /* ChangePassword.swift */ = {isa = PBXFileReference; lastKnownFileType = sourcecode.swift; path = ChangePassword.swift; sourceTree = "<group>"; };
		898D408B24CCCC9E00FE10B7 /* ServicesChosenTable.swift */ = {isa = PBXFileReference; lastKnownFileType = sourcecode.swift; path = ServicesChosenTable.swift; sourceTree = "<group>"; };
		8995D39124B10C5000533154 /* UserBookingSomething.swift */ = {isa = PBXFileReference; lastKnownFileType = sourcecode.swift; path = UserBookingSomething.swift; sourceTree = "<group>"; };
		8995D39324B116E700533154 /* Service.swift */ = {isa = PBXFileReference; lastKnownFileType = sourcecode.swift; path = Service.swift; sourceTree = "<group>"; };
		89A78F5624C13A82006DDEB9 /* ServicesTable.swift */ = {isa = PBXFileReference; lastKnownFileType = sourcecode.swift; path = ServicesTable.swift; sourceTree = "<group>"; };
		89B660672483F42100DD79E5 /* HelpRegModal.swift */ = {isa = PBXFileReference; lastKnownFileType = sourcecode.swift; path = HelpRegModal.swift; sourceTree = "<group>"; };
		89C32CAF24F1FDAF006709C3 /* MessageViewController.swift */ = {isa = PBXFileReference; lastKnownFileType = sourcecode.swift; path = MessageViewController.swift; sourceTree = "<group>"; };
		89C32CB124F48518006709C3 /* RequestAnswerNotificationCell.swift */ = {isa = PBXFileReference; lastKnownFileType = sourcecode.swift; path = RequestAnswerNotificationCell.swift; sourceTree = "<group>"; };
		89C32CB324F48BC8006709C3 /* UnreadRequestAnswerNotificationCell.swift */ = {isa = PBXFileReference; lastKnownFileType = sourcecode.swift; path = UnreadRequestAnswerNotificationCell.swift; sourceTree = "<group>"; };
		89C32CB524F48CBF006709C3 /* ReadAdminNotificationCell.swift */ = {isa = PBXFileReference; lastKnownFileType = sourcecode.swift; path = ReadAdminNotificationCell.swift; sourceTree = "<group>"; };
		89D11B97248DCEF70018D1BC /* AddServices.swift */ = {isa = PBXFileReference; lastKnownFileType = sourcecode.swift; path = AddServices.swift; sourceTree = "<group>"; };
		89D11B99248DCFAD0018D1BC /* BioController.swift */ = {isa = PBXFileReference; lastKnownFileType = sourcecode.swift; path = BioController.swift; sourceTree = "<group>"; };
		89D11B9B248E80550018D1BC /* EditBusinessHelp.swift */ = {isa = PBXFileReference; lastKnownFileType = sourcecode.swift; path = EditBusinessHelp.swift; sourceTree = "<group>"; };
		89D8D1F4247A04EC00060B53 /* RegisterAdminController.swift */ = {isa = PBXFileReference; lastKnownFileType = sourcecode.swift; path = RegisterAdminController.swift; sourceTree = "<group>"; };
		89DC57E725354C81005326A1 /* API.swift */ = {isa = PBXFileReference; lastKnownFileType = sourcecode.swift; path = API.swift; sourceTree = "<group>"; };
		89E7B51A250C46F5003A2426 /* ServicesTextTable.swift */ = {isa = PBXFileReference; lastKnownFileType = sourcecode.swift; path = ServicesTextTable.swift; sourceTree = "<group>"; };
		89E7B51E250D5BCD003A2426 /* SelectedServicesCell.swift */ = {isa = PBXFileReference; lastKnownFileType = sourcecode.swift; path = SelectedServicesCell.swift; sourceTree = "<group>"; };
		89E7B520250D5BDE003A2426 /* UnselectedServicesCell.swift */ = {isa = PBXFileReference; lastKnownFileType = sourcecode.swift; path = UnselectedServicesCell.swift; sourceTree = "<group>"; };
		89E93AB624D5114A0042E46E /* SendEmployeeIdViewController.swift */ = {isa = PBXFileReference; lastKnownFileType = sourcecode.swift; path = SendEmployeeIdViewController.swift; sourceTree = "<group>"; };
		89E93AB824D5FE030042E46E /* EmployeeBusinessSearchCollection.swift */ = {isa = PBXFileReference; lastKnownFileType = sourcecode.swift; path = EmployeeBusinessSearchCollection.swift; sourceTree = "<group>"; };
		89E93ABA24D6003D0042E46E /* EmployeeBusinessSearchCell.swift */ = {isa = PBXFileReference; lastKnownFileType = sourcecode.swift; path = EmployeeBusinessSearchCell.swift; sourceTree = "<group>"; };
		89E93ABC24D782960042E46E /* RequestAnswerNotification.swift */ = {isa = PBXFileReference; lastKnownFileType = sourcecode.swift; path = RequestAnswerNotification.swift; sourceTree = "<group>"; };
		89E93ABE24D7BB080042E46E /* NotificationCell.swift */ = {isa = PBXFileReference; lastKnownFileType = sourcecode.swift; path = NotificationCell.swift; sourceTree = "<group>"; };
		F587B6F8397BDF7C61AB8987 /* Pods_EveryoneBooks_IOS.framework */ = {isa = PBXFileReference; explicitFileType = wrapper.framework; includeInIndex = 0; path = Pods_EveryoneBooks_IOS.framework; sourceTree = BUILT_PRODUCTS_DIR; };
/* End PBXFileReference section */

/* Begin PBXFrameworksBuildPhase section */
		8944DCCA244F53B7004A2819 /* Frameworks */ = {
			isa = PBXFrameworksBuildPhase;
			buildActionMask = 2147483647;
			files = (
				BB5A331AF111895163B85472 /* Pods_EveryoneBooks_IOS.framework in Frameworks */,
			);
			runOnlyForDeploymentPostprocessing = 0;
		};
/* End PBXFrameworksBuildPhase section */

/* Begin PBXGroup section */
		390F269F34017457E544115D /* Pods */ = {
			isa = PBXGroup;
			children = (
				3D0B633D076267F359243F35 /* Pods-EveryoneBooks-IOS.debug.xcconfig */,
				1126EC46C67B8BEDCF663161 /* Pods-EveryoneBooks-IOS.release.xcconfig */,
			);
			path = Pods;
			sourceTree = "<group>";
		};
		8944DCC4244F53B7004A2819 = {
			isa = PBXGroup;
			children = (
				8944DCCF244F53B7004A2819 /* EveryoneBooks-IOS */,
				8944DCCE244F53B7004A2819 /* Products */,
				390F269F34017457E544115D /* Pods */,
				E5528F36E740EBBEBC4D9F00 /* Frameworks */,
			);
			sourceTree = "<group>";
		};
		8944DCCE244F53B7004A2819 /* Products */ = {
			isa = PBXGroup;
			children = (
				8944DCCD244F53B7004A2819 /* EveryoneBooks-IOS.app */,
			);
			name = Products;
			sourceTree = "<group>";
		};
		8944DCCF244F53B7004A2819 /* EveryoneBooks-IOS */ = {
			isa = PBXGroup;
			children = (
				8944DCE9244F5467004A2819 /* Controller */,
				8944DCE8244F5418004A2819 /* API */,
				8944DCE7244F540C004A2819 /* Utilities */,
				8944DCE5244F53F6004A2819 /* Model */,
				8944DCE4244F53EA004A2819 /* View */,
				8944DCD0244F53B7004A2819 /* AppDelegate.swift */,
				8944DCD2244F53B7004A2819 /* SceneDelegate.swift */,
				8944DCD6244F53B7004A2819 /* Main.storyboard */,
				8944DCD9244F53B8004A2819 /* Assets.xcassets */,
				8944DCDB244F53B8004A2819 /* LaunchScreen.storyboard */,
				8944DCDE244F53B8004A2819 /* Info.plist */,
			);
			path = "EveryoneBooks-IOS";
			sourceTree = "<group>";
		};
		8944DCE4244F53EA004A2819 /* View */ = {
			isa = PBXGroup;
			children = (
				8944DCEC244F560C004A2819 /* Components.swift */,
				895B0B5C2454E5B5004D058B /* TimeDrop.swift */,
				8944E9A3247B7A9B003B20D3 /* BusinessPicker.swift */,
				8944E9A5247BFFF1003B20D3 /* RegAdminOne.swift */,
				8947C6EF247CB6550082D390 /* RegAdminTwo.swift */,
				89459FCD247E0F0E0077A9F9 /* RegAdminThree.swift */,
				8974E6C2247F4A3F0066528E /* RegAdminFour.swift */,
				8974E6C4247F56C40066528E /* RegAdminFive.swift */,
				894534E624818B2400404F2C /* RegAdminSix.swift */,
				894600D6248323990001A453 /* RegAdminSeven.swift */,
				8974E6C6247F6E7C0066528E /* DayRow.swift */,
				894600D8248327080001A453 /* BookingItemPicker.swift */,
				89082EA22493F2B000A04284 /* EmployeeAddTable.swift */,
				89644ED2249DAB6A001D28B3 /* TimePicker.swift */,
				894634F4249FC2F50043A6EA /* AdminProfileHelpCell.swift */,
				894634F824A0282E0043A6EA /* BusinesSearchCell.swift */,
				8957A7EB24A8E8A000C250FF /* BusinessesFollowingCellCollectionViewCell.swift */,
				89419C6624AD25980027DF0B /* ServicesDisplayTable.swift */,
				8945975D24B2438F0027BDBB /* MyDatePicker.swift */,
				897853C124B575E300705C99 /* EmployeePickerView.swift */,
				8937C66624BBEF34001BB785 /* ShiftsTableView.swift */,
				8937C66824BBFEAA001BB785 /* ShiftsTableViewCell.swift */,
				89A78F5624C13A82006DDEB9 /* ServicesTable.swift */,
				895F5A5024C7C458000190BA /* ServicesSelectCell.swift */,
				8906EDCC24C20A9C0040BCCA /* GenericDropDown.swift */,
				8947AD8D24C5459B00C525BD /* EmployeesAvailableTable.swift */,
				8947AD8F24C546A400C525BD /* EmployeeAvailableCell.swift */,
				89E7B51E250D5BCD003A2426 /* SelectedServicesCell.swift */,
				89E7B520250D5BDE003A2426 /* UnselectedServicesCell.swift */,
				898D408B24CCCC9E00FE10B7 /* ServicesChosenTable.swift */,
				8946CA8624CDD55A00556D83 /* UserBookingsCollectionCell.swift */,
				89E93ABA24D6003D0042E46E /* EmployeeBusinessSearchCell.swift */,
				89E93ABE24D7BB080042E46E /* NotificationCell.swift */,
				89C32CB124F48518006709C3 /* RequestAnswerNotificationCell.swift */,
				89C32CB324F48BC8006709C3 /* UnreadRequestAnswerNotificationCell.swift */,
				89C32CB524F48CBF006709C3 /* ReadAdminNotificationCell.swift */,
				897A19642501829000CBD757 /* EmployeeBookingsTable.swift */,
				89E7B51A250C46F5003A2426 /* ServicesTextTable.swift */,
				894248492501DA6D00C55309 /* EmployeeBookingsCell.swift */,
				893F401A25139F3300EDFAE2 /* RoomAreaCollectionView.swift */,
				893F401C25139FF400EDFAE2 /* RoomAreaColumn.swift */,
				893F401E2515180800EDFAE2 /* ColumnTableView.swift */,
				893F40202515187F00EDFAE2 /* BookingCell.swift */,
				893F40222516E62500EDFAE2 /* BookedCell.swift */,
				893F4024251702A900EDFAE2 /* TopBookedCell.swift */,
				893F40262517031D00EDFAE2 /* BottomBookedCell.swift */,
				893F40282519142700EDFAE2 /* CustomNumberPicker.swift */,
				894304862527C2BE00973FB3 /* ColumnTableCell.swift */,
				898AA1B62527DF6A00FE0A75 /* SliderMenuTable.swift */,
				898AA1BA2527E7C400FE0A75 /* SliderMenuCell.swift */,
			);
			path = View;
			sourceTree = "<group>";
		};
		8944DCE5244F53F6004A2819 /* Model */ = {
			isa = PBXGroup;
			children = (
				893E71B0248BE168001C66E9 /* Business.swift */,
				89082EA02493EBE400A04284 /* Schedule.swift */,
				893E71B8248D72C5001C66E9 /* Booking.swift */,
				893E71BA248D76C6001C66E9 /* Employee.swift */,
				89476E892493284000A424BE /* BusinessProfile.swift */,
				8995D39324B116E700533154 /* Service.swift */,
				8944EDC224B2AC8A003CD86C /* Shift.swift */,
				89E93ABC24D782960042E46E /* RequestAnswerNotification.swift */,
				898AA1B82527E43400FE0A75 /* SelectionItem.swift */,
			);
			path = Model;
			sourceTree = "<group>";
		};
		8944DCE7244F540C004A2819 /* Utilities */ = {
			isa = PBXGroup;
			children = (
				8944DCEE244F5678004A2819 /* Extensions.swift */,
				894B947D2457D2FF008E582E /* Constants.swift */,
				89470E352486D8D700FAFAF0 /* Utilities.swift */,
				898AA1BE2528272D00FE0A75 /* TabBarSliderController.swift */,
			);
			path = Utilities;
			sourceTree = "<group>";
		};
		8944DCE8244F5418004A2819 /* API */ = {
			isa = PBXGroup;
			children = (
				8944A84824859F7F00D0007F /* BasicCalls.swift */,
				8944DCEA244F5559004A2819 /* LoginController.swift */,
				89DC57E725354C81005326A1 /* API.swift */,
			);
			path = API;
			sourceTree = "<group>";
		};
		8944DCE9244F5467004A2819 /* Controller */ = {
			isa = PBXGroup;
			children = (
				89B18F422506F3D8000CAC20 /* RegisterControllers */,
				894ED9E424A7D83600A24858 /* Purgatory */,
				8948559E248EAF800048C7CF /* EmployeeHome */,
				894A4C46248A735A00A110E7 /* UserHome */,
				8981B1B32488926300A6AAE1 /* AdminHome */,
			);
			path = Controller;
			sourceTree = "<group>";
		};
		8948559E248EAF800048C7CF /* EmployeeHome */ = {
			isa = PBXGroup;
			children = (
				8948559F248EAFA60048C7CF /* EmployeeHomeController.swift */,
				894855A1248EB0210048C7CF /* EmployeeNotifications.swift */,
				894855A3248EB0310048C7CF /* EmployeeSchedule.swift */,
				89E93AB624D5114A0042E46E /* SendEmployeeIdViewController.swift */,
				89E93AB824D5FE030042E46E /* EmployeeBusinessSearchCollection.swift */,
			);
			path = EmployeeHome;
			sourceTree = "<group>";
		};
		894A4C46248A735A00A110E7 /* UserHome */ = {
			isa = PBXGroup;
			children = (
				894A4C47248A738800A110E7 /* BusinessSearch.swift */,
				894A4C49248A73EA00A110E7 /* UserBookings.swift */,
				894634F624A0275D0043A6EA /* BusinessSearchCollection.swift */,
				894A4C4D248A74AF00A110E7 /* UserHomeViewController.swift */,
				8957A7E924A8E51E00C250FF /* BusinessesFollowingCollection.swift */,
			);
			path = UserHome;
			sourceTree = "<group>";
		};
		894ED9E424A7D83600A24858 /* Purgatory */ = {
			isa = PBXGroup;
			children = (
				8995D39124B10C5000533154 /* UserBookingSomething.swift */,
				894ED9E524A7D87C00A24858 /* BusinessPageController.swift */,
				89C32CAF24F1FDAF006709C3 /* MessageViewController.swift */,
				898AA1BC2527FD4A00FE0A75 /* Test.swift */,
				898AA1C02529934C00FE0A75 /* ResetPassword.swift */,
				898AA1C22529969E00FE0A75 /* ChangePassword.swift */,
			);
			path = Purgatory;
			sourceTree = "<group>";
		};
		897F45D1248DC8DA00080381 /* EditBusinessProfile */ = {
			isa = PBXGroup;
			children = (
				897F45D2248DC8FF00080381 /* EditBusinessProfile.swift */,
				897F45D4248DC94200080381 /* AddEmployees.swift */,
				89D11B97248DCEF70018D1BC /* AddServices.swift */,
				89D11B99248DCFAD0018D1BC /* BioController.swift */,
				89D11B9B248E80550018D1BC /* EditBusinessHelp.swift */,
			);
			path = EditBusinessProfile;
			sourceTree = "<group>";
		};
		8981B1B32488926300A6AAE1 /* AdminHome */ = {
			isa = PBXGroup;
			children = (
				897F45D1248DC8DA00080381 /* EditBusinessProfile */,
				8981B1B4248892E200A6AAE1 /* AdminNotifications.swift */,
				8981B1B62488931D00A6AAE1 /* AdminBookings.swift */,
				8981B1B82488936D00A6AAE1 /* AdminShifts.swift */,
				8981B1BA248897B000A6AAE1 /* AdminHomeController.swift */,
				893F402A251DAD8F00EDFAE2 /* CreateBooking.swift */,
			);
			path = AdminHome;
			sourceTree = "<group>";
		};
		89B18F422506F3D8000CAC20 /* RegisterControllers */ = {
			isa = PBXGroup;
			children = (
				894B09CB2450F0C4009D2A5E /* RegisterUserController.swift */,
				894B09CD2451341A009D2A5E /* RegisterEmployeeController.swift */,
				89D8D1F4247A04EC00060B53 /* RegisterAdminController.swift */,
				89B660672483F42100DD79E5 /* HelpRegModal.swift */,
			);
			path = RegisterControllers;
			sourceTree = "<group>";
		};
		E5528F36E740EBBEBC4D9F00 /* Frameworks */ = {
			isa = PBXGroup;
			children = (
				F587B6F8397BDF7C61AB8987 /* Pods_EveryoneBooks_IOS.framework */,
			);
			name = Frameworks;
			sourceTree = "<group>";
		};
/* End PBXGroup section */

/* Begin PBXNativeTarget section */
		8944DCCC244F53B7004A2819 /* EveryoneBooks-IOS */ = {
			isa = PBXNativeTarget;
			buildConfigurationList = 8944DCE1244F53B8004A2819 /* Build configuration list for PBXNativeTarget "EveryoneBooks-IOS" */;
			buildPhases = (
				74076F668B47574849327FA3 /* [CP] Check Pods Manifest.lock */,
				8944DCC9244F53B7004A2819 /* Sources */,
				8944DCCA244F53B7004A2819 /* Frameworks */,
				8944DCCB244F53B7004A2819 /* Resources */,
				C1EF6A92E0E3CB480D31AFA7 /* [CP] Embed Pods Frameworks */,
			);
			buildRules = (
			);
			dependencies = (
			);
			name = "EveryoneBooks-IOS";
			productName = "EveryoneBooks-IOS";
			productReference = 8944DCCD244F53B7004A2819 /* EveryoneBooks-IOS.app */;
			productType = "com.apple.product-type.application";
		};
/* End PBXNativeTarget section */

/* Begin PBXProject section */
		8944DCC5244F53B7004A2819 /* Project object */ = {
			isa = PBXProject;
			attributes = {
				LastSwiftUpdateCheck = 1130;
				LastUpgradeCheck = 1130;
				ORGANIZATIONNAME = "Michael Perrone";
				TargetAttributes = {
					8944DCCC244F53B7004A2819 = {
						CreatedOnToolsVersion = 11.3.1;
					};
				};
			};
			buildConfigurationList = 8944DCC8244F53B7004A2819 /* Build configuration list for PBXProject "EveryoneBooks-IOS" */;
			compatibilityVersion = "Xcode 9.3";
			developmentRegion = en;
			hasScannedForEncodings = 0;
			knownRegions = (
				en,
				Base,
			);
			mainGroup = 8944DCC4244F53B7004A2819;
			productRefGroup = 8944DCCE244F53B7004A2819 /* Products */;
			projectDirPath = "";
			projectRoot = "";
			targets = (
				8944DCCC244F53B7004A2819 /* EveryoneBooks-IOS */,
			);
		};
/* End PBXProject section */

/* Begin PBXResourcesBuildPhase section */
		8944DCCB244F53B7004A2819 /* Resources */ = {
			isa = PBXResourcesBuildPhase;
			buildActionMask = 2147483647;
			files = (
				8944DCDD244F53B8004A2819 /* LaunchScreen.storyboard in Resources */,
				8944DCDA244F53B8004A2819 /* Assets.xcassets in Resources */,
				8944DCD8244F53B7004A2819 /* Main.storyboard in Resources */,
			);
			runOnlyForDeploymentPostprocessing = 0;
		};
/* End PBXResourcesBuildPhase section */

/* Begin PBXShellScriptBuildPhase section */
		74076F668B47574849327FA3 /* [CP] Check Pods Manifest.lock */ = {
			isa = PBXShellScriptBuildPhase;
			buildActionMask = 2147483647;
			files = (
			);
			inputFileListPaths = (
			);
			inputPaths = (
				"${PODS_PODFILE_DIR_PATH}/Podfile.lock",
				"${PODS_ROOT}/Manifest.lock",
			);
			name = "[CP] Check Pods Manifest.lock";
			outputFileListPaths = (
			);
			outputPaths = (
				"$(DERIVED_FILE_DIR)/Pods-EveryoneBooks-IOS-checkManifestLockResult.txt",
			);
			runOnlyForDeploymentPostprocessing = 0;
			shellPath = /bin/sh;
			shellScript = "diff \"${PODS_PODFILE_DIR_PATH}/Podfile.lock\" \"${PODS_ROOT}/Manifest.lock\" > /dev/null\nif [ $? != 0 ] ; then\n    # print error to STDERR\n    echo \"error: The sandbox is not in sync with the Podfile.lock. Run 'pod install' or update your CocoaPods installation.\" >&2\n    exit 1\nfi\n# This output is used by Xcode 'outputs' to avoid re-running this script phase.\necho \"SUCCESS\" > \"${SCRIPT_OUTPUT_FILE_0}\"\n";
			showEnvVarsInLog = 0;
		};
		C1EF6A92E0E3CB480D31AFA7 /* [CP] Embed Pods Frameworks */ = {
			isa = PBXShellScriptBuildPhase;
			buildActionMask = 2147483647;
			files = (
			);
			inputFileListPaths = (
				"${PODS_ROOT}/Target Support Files/Pods-EveryoneBooks-IOS/Pods-EveryoneBooks-IOS-frameworks-${CONFIGURATION}-input-files.xcfilelist",
			);
			name = "[CP] Embed Pods Frameworks";
			outputFileListPaths = (
				"${PODS_ROOT}/Target Support Files/Pods-EveryoneBooks-IOS/Pods-EveryoneBooks-IOS-frameworks-${CONFIGURATION}-output-files.xcfilelist",
			);
			runOnlyForDeploymentPostprocessing = 0;
			shellPath = /bin/sh;
			shellScript = "\"${PODS_ROOT}/Target Support Files/Pods-EveryoneBooks-IOS/Pods-EveryoneBooks-IOS-frameworks.sh\"\n";
			showEnvVarsInLog = 0;
		};
/* End PBXShellScriptBuildPhase section */

/* Begin PBXSourcesBuildPhase section */
		8944DCC9244F53B7004A2819 /* Sources */ = {
			isa = PBXSourcesBuildPhase;
			buildActionMask = 2147483647;
			files = (
				898D408C24CCCC9E00FE10B7 /* ServicesChosenTable.swift in Sources */,
				8981B1BB248897B000A6AAE1 /* AdminHomeController.swift in Sources */,
				89D8D1F5247A04EC00060B53 /* RegisterAdminController.swift in Sources */,
				894534E724818B2400404F2C /* RegAdminSix.swift in Sources */,
				893E71B1248BE168001C66E9 /* Business.swift in Sources */,
				898AA1BD2527FD4A00FE0A75 /* Test.swift in Sources */,
				897F45D5248DC94200080381 /* AddEmployees.swift in Sources */,
				8947AD9024C546A400C525BD /* EmployeeAvailableCell.swift in Sources */,
				8944DCEF244F5678004A2819 /* Extensions.swift in Sources */,
				897853C224B575E300705C99 /* EmployeePickerView.swift in Sources */,
				89D11B9A248DCFAD0018D1BC /* BioController.swift in Sources */,
				89419C6724AD25980027DF0B /* ServicesDisplayTable.swift in Sources */,
				8981B1B92488936D00A6AAE1 /* AdminShifts.swift in Sources */,
				893F401B25139F3300EDFAE2 /* RoomAreaCollectionView.swift in Sources */,
				8937C66724BBEF34001BB785 /* ShiftsTableView.swift in Sources */,
				89E93AB924D5FE030042E46E /* EmployeeBusinessSearchCollection.swift in Sources */,
				898AA1B92527E43400FE0A75 /* SelectionItem.swift in Sources */,
				8945975E24B2438F0027BDBB /* MyDatePicker.swift in Sources */,
				893F401D25139FF400EDFAE2 /* RoomAreaColumn.swift in Sources */,
				894ED9E624A7D87C00A24858 /* BusinessPageController.swift in Sources */,
				894B947E2457D2FF008E582E /* Constants.swift in Sources */,
				894634F924A0282E0043A6EA /* BusinesSearchCell.swift in Sources */,
				894634F5249FC2F50043A6EA /* AdminProfileHelpCell.swift in Sources */,
				894600D9248327080001A453 /* BookingItemPicker.swift in Sources */,
				8947AD8E24C5459B00C525BD /* EmployeesAvailableTable.swift in Sources */,
				895B0B5D2454E5B5004D058B /* TimeDrop.swift in Sources */,
				89D11B9C248E80550018D1BC /* EditBusinessHelp.swift in Sources */,
				893F40272517031D00EDFAE2 /* BottomBookedCell.swift in Sources */,
				897F45D3248DC8FF00080381 /* EditBusinessProfile.swift in Sources */,
				894855A4248EB0310048C7CF /* EmployeeSchedule.swift in Sources */,
				89476E8A2493284000A424BE /* BusinessProfile.swift in Sources */,
				893F401F2515180900EDFAE2 /* ColumnTableView.swift in Sources */,
				893F40292519142700EDFAE2 /* CustomNumberPicker.swift in Sources */,
				8942484A2501DA6D00C55309 /* EmployeeBookingsCell.swift in Sources */,
				894A4C4A248A73EA00A110E7 /* UserBookings.swift in Sources */,
				8946CA8724CDD55A00556D83 /* UserBookingsCollectionCell.swift in Sources */,
				898AA1BB2527E7C400FE0A75 /* SliderMenuCell.swift in Sources */,
				893F4025251702A900EDFAE2 /* TopBookedCell.swift in Sources */,
				894A4C48248A738800A110E7 /* BusinessSearch.swift in Sources */,
				89C32CB624F48CBF006709C3 /* ReadAdminNotificationCell.swift in Sources */,
				8981B1B5248892E200A6AAE1 /* AdminNotifications.swift in Sources */,
				8906EDCD24C20A9C0040BCCA /* GenericDropDown.swift in Sources */,
				89E93ABB24D6003D0042E46E /* EmployeeBusinessSearchCell.swift in Sources */,
				89A78F5724C13A82006DDEB9 /* ServicesTable.swift in Sources */,
				8944DCD1244F53B7004A2819 /* AppDelegate.swift in Sources */,
				898AA1C12529934D00FE0A75 /* ResetPassword.swift in Sources */,
				8937C66924BBFEAA001BB785 /* ShiftsTableViewCell.swift in Sources */,
				898AA1C32529969E00FE0A75 /* ChangePassword.swift in Sources */,
				89DC57E825354C81005326A1 /* API.swift in Sources */,
				893F40212515187F00EDFAE2 /* BookingCell.swift in Sources */,
				898AA1B72527DF6A00FE0A75 /* SliderMenuTable.swift in Sources */,
				8944DCEB244F5559004A2819 /* LoginController.swift in Sources */,
				893E71BB248D76C6001C66E9 /* Employee.swift in Sources */,
				8944E9A4247B7A9B003B20D3 /* BusinessPicker.swift in Sources */,
				898AA1BF2528272D00FE0A75 /* TabBarSliderController.swift in Sources */,
				893F40232516E62500EDFAE2 /* BookedCell.swift in Sources */,
				8974E6C7247F6E7C0066528E /* DayRow.swift in Sources */,
				8995D39424B116E700533154 /* Service.swift in Sources */,
				89E93ABD24D782960042E46E /* RequestAnswerNotification.swift in Sources */,
				89D11B98248DCEF70018D1BC /* AddServices.swift in Sources */,
				894B09CE2451341A009D2A5E /* RegisterEmployeeController.swift in Sources */,
				8947C6F0247CB6550082D390 /* RegAdminTwo.swift in Sources */,
				89082EA12493EBE400A04284 /* Schedule.swift in Sources */,
				8981B1B72488931D00A6AAE1 /* AdminBookings.swift in Sources */,
				8957A7EA24A8E51E00C250FF /* BusinessesFollowingCollection.swift in Sources */,
				8995D39224B10C5000533154 /* UserBookingSomething.swift in Sources */,
				89E93ABF24D7BB080042E46E /* NotificationCell.swift in Sources */,
				8957A7EC24A8E8A000C250FF /* BusinessesFollowingCellCollectionViewCell.swift in Sources */,
				89E7B51F250D5BCD003A2426 /* SelectedServicesCell.swift in Sources */,
				897A19652501829000CBD757 /* EmployeeBookingsTable.swift in Sources */,
				89470E362486D8D700FAFAF0 /* Utilities.swift in Sources */,
				89C32CB424F48BC8006709C3 /* UnreadRequestAnswerNotificationCell.swift in Sources */,
				895F5A5124C7C458000190BA /* ServicesSelectCell.swift in Sources */,
				894A4C4E248A74AF00A110E7 /* UserHomeViewController.swift in Sources */,
				894B09CC2450F0C4009D2A5E /* RegisterUserController.swift in Sources */,
				894855A2248EB0210048C7CF /* EmployeeNotifications.swift in Sources */,
				89082EA32493F2B000A04284 /* EmployeeAddTable.swift in Sources */,
				8944EDC324B2AC8A003CD86C /* Shift.swift in Sources */,
				89E7B51B250C46F5003A2426 /* ServicesTextTable.swift in Sources */,
				8944E9A6247BFFF1003B20D3 /* RegAdminOne.swift in Sources */,
				89E7B521250D5BDE003A2426 /* UnselectedServicesCell.swift in Sources */,
				8974E6C3247F4A3F0066528E /* RegAdminFour.swift in Sources */,
				89644ED3249DAB6A001D28B3 /* TimePicker.swift in Sources */,
				893F402B251DAD8F00EDFAE2 /* CreateBooking.swift in Sources */,
				89C32CB024F1FDAF006709C3 /* MessageViewController.swift in Sources */,
				89459FCE247E0F0E0077A9F9 /* RegAdminThree.swift in Sources */,
				894600D7248323990001A453 /* RegAdminSeven.swift in Sources */,
				894304872527C2BE00973FB3 /* ColumnTableCell.swift in Sources */,
				8944DCD3244F53B7004A2819 /* SceneDelegate.swift in Sources */,
				89B660682483F42100DD79E5 /* HelpRegModal.swift in Sources */,
				89C32CB224F48518006709C3 /* RequestAnswerNotificationCell.swift in Sources */,
				8974E6C5247F56C40066528E /* RegAdminFive.swift in Sources */,
				89E93AB724D5114A0042E46E /* SendEmployeeIdViewController.swift in Sources */,
				8944A84924859F7F00D0007F /* BasicCalls.swift in Sources */,
				894634F724A0275D0043A6EA /* BusinessSearchCollection.swift in Sources */,
				893E71B9248D72C5001C66E9 /* Booking.swift in Sources */,
				894855A0248EAFA60048C7CF /* EmployeeHomeController.swift in Sources */,
				8944DCED244F560C004A2819 /* Components.swift in Sources */,
			);
			runOnlyForDeploymentPostprocessing = 0;
		};
/* End PBXSourcesBuildPhase section */

/* Begin PBXVariantGroup section */
		8944DCD6244F53B7004A2819 /* Main.storyboard */ = {
			isa = PBXVariantGroup;
			children = (
				8944DCD7244F53B7004A2819 /* Base */,
			);
			name = Main.storyboard;
			sourceTree = "<group>";
		};
		8944DCDB244F53B8004A2819 /* LaunchScreen.storyboard */ = {
			isa = PBXVariantGroup;
			children = (
				8944DCDC244F53B8004A2819 /* Base */,
			);
			name = LaunchScreen.storyboard;
			sourceTree = "<group>";
		};
/* End PBXVariantGroup section */

/* Begin XCBuildConfiguration section */
		8944DCDF244F53B8004A2819 /* Debug */ = {
			isa = XCBuildConfiguration;
			buildSettings = {
				ALWAYS_SEARCH_USER_PATHS = NO;
				CLANG_ANALYZER_NONNULL = YES;
				CLANG_ANALYZER_NUMBER_OBJECT_CONVERSION = YES_AGGRESSIVE;
				CLANG_CXX_LANGUAGE_STANDARD = "gnu++14";
				CLANG_CXX_LIBRARY = "libc++";
				CLANG_ENABLE_MODULES = YES;
				CLANG_ENABLE_OBJC_ARC = YES;
				CLANG_ENABLE_OBJC_WEAK = YES;
				CLANG_WARN_BLOCK_CAPTURE_AUTORELEASING = YES;
				CLANG_WARN_BOOL_CONVERSION = YES;
				CLANG_WARN_COMMA = YES;
				CLANG_WARN_CONSTANT_CONVERSION = YES;
				CLANG_WARN_DEPRECATED_OBJC_IMPLEMENTATIONS = YES;
				CLANG_WARN_DIRECT_OBJC_ISA_USAGE = YES_ERROR;
				CLANG_WARN_DOCUMENTATION_COMMENTS = YES;
				CLANG_WARN_EMPTY_BODY = YES;
				CLANG_WARN_ENUM_CONVERSION = YES;
				CLANG_WARN_INFINITE_RECURSION = YES;
				CLANG_WARN_INT_CONVERSION = YES;
				CLANG_WARN_NON_LITERAL_NULL_CONVERSION = YES;
				CLANG_WARN_OBJC_IMPLICIT_RETAIN_SELF = YES;
				CLANG_WARN_OBJC_LITERAL_CONVERSION = YES;
				CLANG_WARN_OBJC_ROOT_CLASS = YES_ERROR;
				CLANG_WARN_RANGE_LOOP_ANALYSIS = YES;
				CLANG_WARN_STRICT_PROTOTYPES = YES;
				CLANG_WARN_SUSPICIOUS_MOVE = YES;
				CLANG_WARN_UNGUARDED_AVAILABILITY = YES_AGGRESSIVE;
				CLANG_WARN_UNREACHABLE_CODE = YES;
				CLANG_WARN__DUPLICATE_METHOD_MATCH = YES;
				COPY_PHASE_STRIP = NO;
				DEBUG_INFORMATION_FORMAT = dwarf;
				ENABLE_STRICT_OBJC_MSGSEND = YES;
				ENABLE_TESTABILITY = YES;
				GCC_C_LANGUAGE_STANDARD = gnu11;
				GCC_DYNAMIC_NO_PIC = NO;
				GCC_NO_COMMON_BLOCKS = YES;
				GCC_OPTIMIZATION_LEVEL = 0;
				GCC_PREPROCESSOR_DEFINITIONS = (
					"DEBUG=1",
					"$(inherited)",
				);
				GCC_WARN_64_TO_32_BIT_CONVERSION = YES;
				GCC_WARN_ABOUT_RETURN_TYPE = YES_ERROR;
				GCC_WARN_UNDECLARED_SELECTOR = YES;
				GCC_WARN_UNINITIALIZED_AUTOS = YES_AGGRESSIVE;
				GCC_WARN_UNUSED_FUNCTION = YES;
				GCC_WARN_UNUSED_VARIABLE = YES;
				IPHONEOS_DEPLOYMENT_TARGET = 13.2;
				MTL_ENABLE_DEBUG_INFO = INCLUDE_SOURCE;
				MTL_FAST_MATH = YES;
				ONLY_ACTIVE_ARCH = YES;
				SDKROOT = iphoneos;
				SWIFT_ACTIVE_COMPILATION_CONDITIONS = DEBUG;
				SWIFT_OPTIMIZATION_LEVEL = "-Onone";
			};
			name = Debug;
		};
		8944DCE0244F53B8004A2819 /* Release */ = {
			isa = XCBuildConfiguration;
			buildSettings = {
				ALWAYS_SEARCH_USER_PATHS = NO;
				CLANG_ANALYZER_NONNULL = YES;
				CLANG_ANALYZER_NUMBER_OBJECT_CONVERSION = YES_AGGRESSIVE;
				CLANG_CXX_LANGUAGE_STANDARD = "gnu++14";
				CLANG_CXX_LIBRARY = "libc++";
				CLANG_ENABLE_MODULES = YES;
				CLANG_ENABLE_OBJC_ARC = YES;
				CLANG_ENABLE_OBJC_WEAK = YES;
				CLANG_WARN_BLOCK_CAPTURE_AUTORELEASING = YES;
				CLANG_WARN_BOOL_CONVERSION = YES;
				CLANG_WARN_COMMA = YES;
				CLANG_WARN_CONSTANT_CONVERSION = YES;
				CLANG_WARN_DEPRECATED_OBJC_IMPLEMENTATIONS = YES;
				CLANG_WARN_DIRECT_OBJC_ISA_USAGE = YES_ERROR;
				CLANG_WARN_DOCUMENTATION_COMMENTS = YES;
				CLANG_WARN_EMPTY_BODY = YES;
				CLANG_WARN_ENUM_CONVERSION = YES;
				CLANG_WARN_INFINITE_RECURSION = YES;
				CLANG_WARN_INT_CONVERSION = YES;
				CLANG_WARN_NON_LITERAL_NULL_CONVERSION = YES;
				CLANG_WARN_OBJC_IMPLICIT_RETAIN_SELF = YES;
				CLANG_WARN_OBJC_LITERAL_CONVERSION = YES;
				CLANG_WARN_OBJC_ROOT_CLASS = YES_ERROR;
				CLANG_WARN_RANGE_LOOP_ANALYSIS = YES;
				CLANG_WARN_STRICT_PROTOTYPES = YES;
				CLANG_WARN_SUSPICIOUS_MOVE = YES;
				CLANG_WARN_UNGUARDED_AVAILABILITY = YES_AGGRESSIVE;
				CLANG_WARN_UNREACHABLE_CODE = YES;
				CLANG_WARN__DUPLICATE_METHOD_MATCH = YES;
				COPY_PHASE_STRIP = NO;
				DEBUG_INFORMATION_FORMAT = "dwarf-with-dsym";
				ENABLE_NS_ASSERTIONS = NO;
				ENABLE_STRICT_OBJC_MSGSEND = YES;
				GCC_C_LANGUAGE_STANDARD = gnu11;
				GCC_NO_COMMON_BLOCKS = YES;
				GCC_WARN_64_TO_32_BIT_CONVERSION = YES;
				GCC_WARN_ABOUT_RETURN_TYPE = YES_ERROR;
				GCC_WARN_UNDECLARED_SELECTOR = YES;
				GCC_WARN_UNINITIALIZED_AUTOS = YES_AGGRESSIVE;
				GCC_WARN_UNUSED_FUNCTION = YES;
				GCC_WARN_UNUSED_VARIABLE = YES;
				IPHONEOS_DEPLOYMENT_TARGET = 13.2;
				MTL_ENABLE_DEBUG_INFO = NO;
				MTL_FAST_MATH = YES;
				SDKROOT = iphoneos;
				SWIFT_COMPILATION_MODE = wholemodule;
				SWIFT_OPTIMIZATION_LEVEL = "-O";
				VALIDATE_PRODUCT = YES;
			};
			name = Release;
		};
		8944DCE2244F53B8004A2819 /* Debug */ = {
			isa = XCBuildConfiguration;
			baseConfigurationReference = 3D0B633D076267F359243F35 /* Pods-EveryoneBooks-IOS.debug.xcconfig */;
			buildSettings = {
				ASSETCATALOG_COMPILER_APPICON_NAME = AppIcon;
				CODE_SIGN_STYLE = Automatic;
				DEVELOPMENT_TEAM = C3NFKFNL3U;
				INFOPLIST_FILE = "EveryoneBooks-IOS/Info.plist";
				LD_RUNPATH_SEARCH_PATHS = (
					"$(inherited)",
					"@executable_path/Frameworks",
				);
				PRODUCT_BUNDLE_IDENTIFIER = "BaggageDating.EveryoneBooks-IOS";
				PRODUCT_NAME = "$(TARGET_NAME)";
				SWIFT_VERSION = 5.0;
				TARGETED_DEVICE_FAMILY = "1,2";
			};
			name = Debug;
		};
		8944DCE3244F53B8004A2819 /* Release */ = {
			isa = XCBuildConfiguration;
			baseConfigurationReference = 1126EC46C67B8BEDCF663161 /* Pods-EveryoneBooks-IOS.release.xcconfig */;
			buildSettings = {
				ASSETCATALOG_COMPILER_APPICON_NAME = AppIcon;
				CODE_SIGN_STYLE = Automatic;
				DEVELOPMENT_TEAM = C3NFKFNL3U;
				INFOPLIST_FILE = "EveryoneBooks-IOS/Info.plist";
				LD_RUNPATH_SEARCH_PATHS = (
					"$(inherited)",
					"@executable_path/Frameworks",
				);
				PRODUCT_BUNDLE_IDENTIFIER = "BaggageDating.EveryoneBooks-IOS";
				PRODUCT_NAME = "$(TARGET_NAME)";
				SWIFT_VERSION = 5.0;
				TARGETED_DEVICE_FAMILY = "1,2";
			};
			name = Release;
		};
/* End XCBuildConfiguration section */

/* Begin XCConfigurationList section */
		8944DCC8244F53B7004A2819 /* Build configuration list for PBXProject "EveryoneBooks-IOS" */ = {
			isa = XCConfigurationList;
			buildConfigurations = (
				8944DCDF244F53B8004A2819 /* Debug */,
				8944DCE0244F53B8004A2819 /* Release */,
			);
			defaultConfigurationIsVisible = 0;
			defaultConfigurationName = Release;
		};
		8944DCE1244F53B8004A2819 /* Build configuration list for PBXNativeTarget "EveryoneBooks-IOS" */ = {
			isa = XCConfigurationList;
			buildConfigurations = (
				8944DCE2244F53B8004A2819 /* Debug */,
				8944DCE3244F53B8004A2819 /* Release */,
			);
			defaultConfigurationIsVisible = 0;
			defaultConfigurationName = Release;
		};
/* End XCConfigurationList section */
	};
	rootObject = 8944DCC5244F53B7004A2819 /* Project object */;
}
