// !$*UTF8*$!
{
	archiveVersion = 1;
	classes = {
	};
	objectVersion = 50;
	objects = {

/* Begin PBXBuildFile section */
		8944DCD1244F53B7004A2819 /* AppDelegate.swift in Sources */ = {isa = PBXBuildFile; fileRef = 8944DCD0244F53B7004A2819 /* AppDelegate.swift */; };
		8944DCD3244F53B7004A2819 /* SceneDelegate.swift in Sources */ = {isa = PBXBuildFile; fileRef = 8944DCD2244F53B7004A2819 /* SceneDelegate.swift */; };
		8944DCD5244F53B7004A2819 /* ViewController.swift in Sources */ = {isa = PBXBuildFile; fileRef = 8944DCD4244F53B7004A2819 /* ViewController.swift */; };
		8944DCD8244F53B7004A2819 /* Main.storyboard in Resources */ = {isa = PBXBuildFile; fileRef = 8944DCD6244F53B7004A2819 /* Main.storyboard */; };
		8944DCDA244F53B8004A2819 /* Assets.xcassets in Resources */ = {isa = PBXBuildFile; fileRef = 8944DCD9244F53B8004A2819 /* Assets.xcassets */; };
		8944DCDD244F53B8004A2819 /* LaunchScreen.storyboard in Resources */ = {isa = PBXBuildFile; fileRef = 8944DCDB244F53B8004A2819 /* LaunchScreen.storyboard */; };
/* End PBXBuildFile section */

/* Begin PBXFileReference section */
		8944DCCD244F53B7004A2819 /* EveryoneBooks-IOS.app */ = {isa = PBXFileReference; explicitFileType = wrapper.application; includeInIndex = 0; path = "EveryoneBooks-IOS.app"; sourceTree = BUILT_PRODUCTS_DIR; };
		8944DCD0244F53B7004A2819 /* AppDelegate.swift */ = {isa = PBXFileReference; lastKnownFileType = sourcecode.swift; path = AppDelegate.swift; sourceTree = "<group>"; };
		8944DCD2244F53B7004A2819 /* SceneDelegate.swift */ = {isa = PBXFileReference; lastKnownFileType = sourcecode.swift; path = SceneDelegate.swift; sourceTree = "<group>"; };
		8944DCD4244F53B7004A2819 /* ViewController.swift */ = {isa = PBXFileReference; lastKnownFileType = sourcecode.swift; path = ViewController.swift; sourceTree = "<group>"; };
		8944DCD7244F53B7004A2819 /* Base */ = {isa = PBXFileReference; lastKnownFileType = file.storyboard; name = Base; path = Base.lproj/Main.storyboard; sourceTree = "<group>"; };
		8944DCD9244F53B8004A2819 /* Assets.xcassets */ = {isa = PBXFileReference; lastKnownFileType = folder.assetcatalog; path = Assets.xcassets; sourceTree = "<group>"; };
		8944DCDC244F53B8004A2819 /* Base */ = {isa = PBXFileReference; lastKnownFileType = file.storyboard; name = Base; path = Base.lproj/LaunchScreen.storyboard; sourceTree = "<group>"; };
		8944DCDE244F53B8004A2819 /* Info.plist */ = {isa = PBXFileReference; lastKnownFileType = text.plist.xml; path = Info.plist; sourceTree = "<group>"; };
/* End PBXFileReference section */

/* Begin PBXFrameworksBuildPhase section */
		8944DCCA244F53B7004A2819 /* Frameworks */ = {
			isa = PBXFrameworksBuildPhase;
			buildActionMask = 2147483647;
			files = (
			);
			runOnlyForDeploymentPostprocessing = 0;
		};
/* End PBXFrameworksBuildPhase section */

/* Begin PBXGroup section */
		8944DCC4244F53B7004A2819 = {
			isa = PBXGroup;
			children = (
				8944DCCF244F53B7004A2819 /* EveryoneBooks-IOS */,
				8944DCCE244F53B7004A2819 /* Products */,
			);
			sourceTree = "<group>";
		};
		8944DCCE244F53B7004A2819 /* Products */ = {
			isa = PBXGroup;
			children = (
				8944DCCD244F53B7004A2819 /* EveryoneBooks-IOS.app */,
			);
			name = Products;
			sourceTree = "<group>";
		};
		8944DCCF244F53B7004A2819 /* EveryoneBooks-IOS */ = {
			isa = PBXGroup;
			children = (
				8944DCD0244F53B7004A2819 /* AppDelegate.swift */,
				8944DCD2244F53B7004A2819 /* SceneDelegate.swift */,
				8944DCD4244F53B7004A2819 /* ViewController.swift */,
				8944DCD6244F53B7004A2819 /* Main.storyboard */,
				8944DCD9244F53B8004A2819 /* Assets.xcassets */,
				8944DCDB244F53B8004A2819 /* LaunchScreen.storyboard */,
				8944DCDE244F53B8004A2819 /* Info.plist */,
			);
			path = "EveryoneBooks-IOS";
			sourceTree = "<group>";
		};
/* End PBXGroup section */

/* Begin PBXNativeTarget section */
		8944DCCC244F53B7004A2819 /* EveryoneBooks-IOS */ = {
			isa = PBXNativeTarget;
			buildConfigurationList = 8944DCE1244F53B8004A2819 /* Build configuration list for PBXNativeTarget "EveryoneBooks-IOS" */;
			buildPhases = (
				8944DCC9244F53B7004A2819 /* Sources */,
				8944DCCA244F53B7004A2819 /* Frameworks */,
				8944DCCB244F53B7004A2819 /* Resources */,
			);
			buildRules = (
			);
			dependencies = (
			);
			name = "EveryoneBooks-IOS";
			productName = "EveryoneBooks-IOS";
			productReference = 8944DCCD244F53B7004A2819 /* EveryoneBooks-IOS.app */;
			productType = "com.apple.product-type.application";
		};
/* End PBXNativeTarget section */

/* Begin PBXProject section */
		8944DCC5244F53B7004A2819 /* Project object */ = {
			isa = PBXProject;
			attributes = {
				LastSwiftUpdateCheck = 1130;
				LastUpgradeCheck = 1130;
				ORGANIZATIONNAME = "Michael Perrone";
				TargetAttributes = {
					8944DCCC244F53B7004A2819 = {
						CreatedOnToolsVersion = 11.3.1;
					};
				};
			};
			buildConfigurationList = 8944DCC8244F53B7004A2819 /* Build configuration list for PBXProject "EveryoneBooks-IOS" */;
			compatibilityVersion = "Xcode 9.3";
			developmentRegion = en;
			hasScannedForEncodings = 0;
			knownRegions = (
				en,
				Base,
			);
			mainGroup = 8944DCC4244F53B7004A2819;
			productRefGroup = 8944DCCE244F53B7004A2819 /* Products */;
			projectDirPath = "";
			projectRoot = "";
			targets = (
				8944DCCC244F53B7004A2819 /* EveryoneBooks-IOS */,
			);
		};
/* End PBXProject section */

/* Begin PBXResourcesBuildPhase section */
		8944DCCB244F53B7004A2819 /* Resources */ = {
			isa = PBXResourcesBuildPhase;
			buildActionMask = 2147483647;
			files = (
				8944DCDD244F53B8004A2819 /* LaunchScreen.storyboard in Resources */,
				8944DCDA244F53B8004A2819 /* Assets.xcassets in Resources */,
				8944DCD8244F53B7004A2819 /* Main.storyboard in Resources */,
			);
			runOnlyForDeploymentPostprocessing = 0;
		};
/* End PBXResourcesBuildPhase section */

/* Begin PBXSourcesBuildPhase section */
		8944DCC9244F53B7004A2819 /* Sources */ = {
			isa = PBXSourcesBuildPhase;
			buildActionMask = 2147483647;
			files = (
				8944DCD5244F53B7004A2819 /* ViewController.swift in Sources */,
				8944DCD1244F53B7004A2819 /* AppDelegate.swift in Sources */,
				8944DCD3244F53B7004A2819 /* SceneDelegate.swift in Sources */,
			);
			runOnlyForDeploymentPostprocessing = 0;
		};
/* End PBXSourcesBuildPhase section */

/* Begin PBXVariantGroup section */
		8944DCD6244F53B7004A2819 /* Main.storyboard */ = {
			isa = PBXVariantGroup;
			children = (
				8944DCD7244F53B7004A2819 /* Base */,
			);
			name = Main.storyboard;
			sourceTree = "<group>";
		};
		8944DCDB244F53B8004A2819 /* LaunchScreen.storyboard */ = {
			isa = PBXVariantGroup;
			children = (
				8944DCDC244F53B8004A2819 /* Base */,
			);
			name = LaunchScreen.storyboard;
			sourceTree = "<group>";
		};
/* End PBXVariantGroup section */

/* Begin XCBuildConfiguration section */
		8944DCDF244F53B8004A2819 /* Debug */ = {
			isa = XCBuildConfiguration;
			buildSettings = {
				ALWAYS_SEARCH_USER_PATHS = NO;
				CLANG_ANALYZER_NONNULL = YES;
				CLANG_ANALYZER_NUMBER_OBJECT_CONVERSION = YES_AGGRESSIVE;
				CLANG_CXX_LANGUAGE_STANDARD = "gnu++14";
				CLANG_CXX_LIBRARY = "libc++";
				CLANG_ENABLE_MODULES = YES;
				CLANG_ENABLE_OBJC_ARC = YES;
				CLANG_ENABLE_OBJC_WEAK = YES;
				CLANG_WARN_BLOCK_CAPTURE_AUTORELEASING = YES;
				CLANG_WARN_BOOL_CONVERSION = YES;
				CLANG_WARN_COMMA = YES;
				CLANG_WARN_CONSTANT_CONVERSION = YES;
				CLANG_WARN_DEPRECATED_OBJC_IMPLEMENTATIONS = YES;
				CLANG_WARN_DIRECT_OBJC_ISA_USAGE = YES_ERROR;
				CLANG_WARN_DOCUMENTATION_COMMENTS = YES;
				CLANG_WARN_EMPTY_BODY = YES;
				CLANG_WARN_ENUM_CONVERSION = YES;
				CLANG_WARN_INFINITE_RECURSION = YES;
				CLANG_WARN_INT_CONVERSION = YES;
				CLANG_WARN_NON_LITERAL_NULL_CONVERSION = YES;
				CLANG_WARN_OBJC_IMPLICIT_RETAIN_SELF = YES;
				CLANG_WARN_OBJC_LITERAL_CONVERSION = YES;
				CLANG_WARN_OBJC_ROOT_CLASS = YES_ERROR;
				CLANG_WARN_RANGE_LOOP_ANALYSIS = YES;
				CLANG_WARN_STRICT_PROTOTYPES = YES;
				CLANG_WARN_SUSPICIOUS_MOVE = YES;
				CLANG_WARN_UNGUARDED_AVAILABILITY = YES_AGGRESSIVE;
				CLANG_WARN_UNREACHABLE_CODE = YES;
				CLANG_WARN__DUPLICATE_METHOD_MATCH = YES;
				COPY_PHASE_STRIP = NO;
				DEBUG_INFORMATION_FORMAT = dwarf;
				ENABLE_STRICT_OBJC_MSGSEND = YES;
				ENABLE_TESTABILITY = YES;
				GCC_C_LANGUAGE_STANDARD = gnu11;
				GCC_DYNAMIC_NO_PIC = NO;
				GCC_NO_COMMON_BLOCKS = YES;
				GCC_OPTIMIZATION_LEVEL = 0;
				GCC_PREPROCESSOR_DEFINITIONS = (
					"DEBUG=1",
					"$(inherited)",
				);
				GCC_WARN_64_TO_32_BIT_CONVERSION = YES;
				GCC_WARN_ABOUT_RETURN_TYPE = YES_ERROR;
				GCC_WARN_UNDECLARED_SELECTOR = YES;
				GCC_WARN_UNINITIALIZED_AUTOS = YES_AGGRESSIVE;
				GCC_WARN_UNUSED_FUNCTION = YES;
				GCC_WARN_UNUSED_VARIABLE = YES;
				IPHONEOS_DEPLOYMENT_TARGET = 13.2;
				MTL_ENABLE_DEBUG_INFO = INCLUDE_SOURCE;
				MTL_FAST_MATH = YES;
				ONLY_ACTIVE_ARCH = YES;
				SDKROOT = iphoneos;
				SWIFT_ACTIVE_COMPILATION_CONDITIONS = DEBUG;
				SWIFT_OPTIMIZATION_LEVEL = "-Onone";
			};
			name = Debug;
		};
		8944DCE0244F53B8004A2819 /* Release */ = {
			isa = XCBuildConfiguration;
			buildSettings = {
				ALWAYS_SEARCH_USER_PATHS = NO;
				CLANG_ANALYZER_NONNULL = YES;
				CLANG_ANALYZER_NUMBER_OBJECT_CONVERSION = YES_AGGRESSIVE;
				CLANG_CXX_LANGUAGE_STANDARD = "gnu++14";
				CLANG_CXX_LIBRARY = "libc++";
				CLANG_ENABLE_MODULES = YES;
				CLANG_ENABLE_OBJC_ARC = YES;
				CLANG_ENABLE_OBJC_WEAK = YES;
				CLANG_WARN_BLOCK_CAPTURE_AUTORELEASING = YES;
				CLANG_WARN_BOOL_CONVERSION = YES;
				CLANG_WARN_COMMA = YES;
				CLANG_WARN_CONSTANT_CONVERSION = YES;
				CLANG_WARN_DEPRECATED_OBJC_IMPLEMENTATIONS = YES;
				CLANG_WARN_DIRECT_OBJC_ISA_USAGE = YES_ERROR;
				CLANG_WARN_DOCUMENTATION_COMMENTS = YES;
				CLANG_WARN_EMPTY_BODY = YES;
				CLANG_WARN_ENUM_CONVERSION = YES;
				CLANG_WARN_INFINITE_RECURSION = YES;
				CLANG_WARN_INT_CONVERSION = YES;
				CLANG_WARN_NON_LITERAL_NULL_CONVERSION = YES;
				CLANG_WARN_OBJC_IMPLICIT_RETAIN_SELF = YES;
				CLANG_WARN_OBJC_LITERAL_CONVERSION = YES;
				CLANG_WARN_OBJC_ROOT_CLASS = YES_ERROR;
				CLANG_WARN_RANGE_LOOP_ANALYSIS = YES;
				CLANG_WARN_STRICT_PROTOTYPES = YES;
				CLANG_WARN_SUSPICIOUS_MOVE = YES;
				CLANG_WARN_UNGUARDED_AVAILABILITY = YES_AGGRESSIVE;
				CLANG_WARN_UNREACHABLE_CODE = YES;
				CLANG_WARN__DUPLICATE_METHOD_MATCH = YES;
				COPY_PHASE_STRIP = NO;
				DEBUG_INFORMATION_FORMAT = "dwarf-with-dsym";
				ENABLE_NS_ASSERTIONS = NO;
				ENABLE_STRICT_OBJC_MSGSEND = YES;
				GCC_C_LANGUAGE_STANDARD = gnu11;
				GCC_NO_COMMON_BLOCKS = YES;
				GCC_WARN_64_TO_32_BIT_CONVERSION = YES;
				GCC_WARN_ABOUT_RETURN_TYPE = YES_ERROR;
				GCC_WARN_UNDECLARED_SELECTOR = YES;
				GCC_WARN_UNINITIALIZED_AUTOS = YES_AGGRESSIVE;
				GCC_WARN_UNUSED_FUNCTION = YES;
				GCC_WARN_UNUSED_VARIABLE = YES;
				IPHONEOS_DEPLOYMENT_TARGET = 13.2;
				MTL_ENABLE_DEBUG_INFO = NO;
				MTL_FAST_MATH = YES;
				SDKROOT = iphoneos;
				SWIFT_COMPILATION_MODE = wholemodule;
				SWIFT_OPTIMIZATION_LEVEL = "-O";
				VALIDATE_PRODUCT = YES;
			};
			name = Release;
		};
		8944DCE2244F53B8004A2819 /* Debug */ = {
			isa = XCBuildConfiguration;
			buildSettings = {
				ASSETCATALOG_COMPILER_APPICON_NAME = AppIcon;
				CODE_SIGN_STYLE = Automatic;
				DEVELOPMENT_TEAM = C3NFKFNL3U;
				INFOPLIST_FILE = "EveryoneBooks-IOS/Info.plist";
				LD_RUNPATH_SEARCH_PATHS = (
					"$(inherited)",
					"@executable_path/Frameworks",
				);
				PRODUCT_BUNDLE_IDENTIFIER = "BaggageDating.EveryoneBooks-IOS";
				PRODUCT_NAME = "$(TARGET_NAME)";
				SWIFT_VERSION = 5.0;
				TARGETED_DEVICE_FAMILY = "1,2";
			};
			name = Debug;
		};
		8944DCE3244F53B8004A2819 /* Release */ = {
			isa = XCBuildConfiguration;
			buildSettings = {
				ASSETCATALOG_COMPILER_APPICON_NAME = AppIcon;
				CODE_SIGN_STYLE = Automatic;
				DEVELOPMENT_TEAM = C3NFKFNL3U;
				INFOPLIST_FILE = "EveryoneBooks-IOS/Info.plist";
				LD_RUNPATH_SEARCH_PATHS = (
					"$(inherited)",
					"@executable_path/Frameworks",
				);
				PRODUCT_BUNDLE_IDENTIFIER = "BaggageDating.EveryoneBooks-IOS";
				PRODUCT_NAME = "$(TARGET_NAME)";
				SWIFT_VERSION = 5.0;
				TARGETED_DEVICE_FAMILY = "1,2";
			};
			name = Release;
		};
/* End XCBuildConfiguration section */

/* Begin XCConfigurationList section */
		8944DCC8244F53B7004A2819 /* Build configuration list for PBXProject "EveryoneBooks-IOS" */ = {
			isa = XCConfigurationList;
			buildConfigurations = (
				8944DCDF244F53B8004A2819 /* Debug */,
				8944DCE0244F53B8004A2819 /* Release */,
			);
			defaultConfigurationIsVisible = 0;
			defaultConfigurationName = Release;
		};
		8944DCE1244F53B8004A2819 /* Build configuration list for PBXNativeTarget "EveryoneBooks-IOS" */ = {
			isa = XCConfigurationList;
			buildConfigurations = (
				8944DCE2244F53B8004A2819 /* Debug */,
				8944DCE3244F53B8004A2819 /* Release */,
			);
			defaultConfigurationIsVisible = 0;
			defaultConfigurationName = Release;
		};
/* End XCConfigurationList section */
	};
	rootObject = 8944DCC5244F53B7004A2819 /* Project object */;
}
